Microsoft Visual Studio Solution File, Format Version 12.00
# Visual Studio Version 17
VisualStudioVersion = 17.5.2.0
MinimumVisualStudioVersion = 10.0.40219.1
Project("{FAE04EC0-301F-11D3-BF4B-00C04F79EFBC}") = "SOFT121", "SOFT121.csproj", "{7427B306-221D-4BAA-82EE-DAE759B55176}"
EndProject
Global
	GlobalSection(SolutionConfigurationPlatforms) = preSolution
		Debug|Any CPU = Debug|Any CPU
		Release|Any CPU = Release|Any CPU
	EndGlobalSection
	GlobalSection(ProjectConfigurationPlatforms) = postSolution
		{7427B306-221D-4BAA-82EE-DAE759B55176}.Debug|Any CPU.ActiveCfg = Debug|Any CPU
		{7427B306-221D-4BAA-82EE-DAE759B55176}.Debug|Any CPU.Build.0 = Debug|Any CPU
		{7427B306-221D-4BAA-82EE-DAE759B55176}.Release|Any CPU.ActiveCfg = Release|Any CPU
		{7427B306-221D-4BAA-82EE-DAE759B55176}.Release|Any CPU.Build.0 = Release|Any CPU
	EndGlobalSection
	GlobalSection(SolutionProperties) = preSolution
		HideSolutionNode = FALSE
	EndGlobalSection
	GlobalSection(ExtensibilityGlobals) = postSolution
		SolutionGuid = {838F05B7-51E5-4192-B95C-A84B2CA30EE4}
	EndGlobalSection
EndGlobal
